
Microsoft Visual Studio Solution File, Format Version 12.00
# Visual Studio Version 16
VisualStudioVersion = 16.0.28922.388
MinimumVisualStudioVersion = 10.0.40219.1
Project("{FAE04EC0-301F-11D3-BF4B-00C04F79EFBC}") = "ChatRoom", "ChatRoom.csproj", "{5DE2BF85-C4DF-426F-8D01-9BF33BAD72C7}"
EndProject
Global
	GlobalSection(SolutionConfigurationPlatforms) = preSolution
		Debug|Any CPU = Debug|Any CPU
		Release|Any CPU = Release|Any CPU
	EndGlobalSection
	GlobalSection(ProjectConfigurationPlatforms) = postSolution
		{5DE2BF85-C4DF-426F-8D01-9BF33BAD72C7}.Debug|Any CPU.ActiveCfg = Debug|Any CPU
		{5DE2BF85-C4DF-426F-8D01-9BF33BAD72C7}.Debug|Any CPU.Build.0 = Debug|Any CPU
		{5DE2BF85-C4DF-426F-8D01-9BF33BAD72C7}.Release|Any CPU.ActiveCfg = Release|Any CPU
		{5DE2BF85-C4DF-426F-8D01-9BF33BAD72C7}.Release|Any CPU.Build.0 = Release|Any CPU
	EndGlobalSection
	GlobalSection(SolutionProperties) = preSolution
		HideSolutionNode = FALSE
	EndGlobalSection
	GlobalSection(ExtensibilityGlobals) = postSolution
		SolutionGuid = {38B79DDC-D8B0-462C-8449-B7A3C555DC27}
	EndGlobalSection
EndGlobal
